
Microsoft Visual Studio Solution File, Format Version 12.00
# Visual Studio Version 17
VisualStudioVersion = 17.13.35919.96 d17.13
MinimumVisualStudioVersion = 10.0.40219.1
Project("{FAE04EC0-301F-11D3-BF4B-00C04F79EFBC}") = "TakipSitesi", "TakipSitesi\TakipSitesi.csproj", "{AF788C36-B8A7-4F5E-874F-BB9DDD4850F5}"
EndProject
Global
	GlobalSection(SolutionConfigurationPlatforms) = preSolution
		Debug|Any CPU = Debug|Any CPU
		Release|Any CPU = Release|Any CPU
	EndGlobalSection
	GlobalSection(ProjectConfigurationPlatforms) = postSolution
		{AF788C36-B8A7-4F5E-874F-BB9DDD4850F5}.Debug|Any CPU.ActiveCfg = Debug|Any CPU
		{AF788C36-B8A7-4F5E-874F-BB9DDD4850F5}.Debug|Any CPU.Build.0 = Debug|Any CPU
		{AF788C36-B8A7-4F5E-874F-BB9DDD4850F5}.Release|Any CPU.ActiveCfg = Release|Any CPU
		{AF788C36-B8A7-4F5E-874F-BB9DDD4850F5}.Release|Any CPU.Build.0 = Release|Any CPU
	EndGlobalSection
	GlobalSection(SolutionProperties) = preSolution
		HideSolutionNode = FALSE
	EndGlobalSection
	GlobalSection(ExtensibilityGlobals) = postSolution
		SolutionGuid = {34752808-7BBC-4883-AEDB-63551EF21815}
	EndGlobalSection
EndGlobal
